Microsoft Visual Studio Solution File, Format Version 12.00
# Visual Studio Version 17
VisualStudioVersion = 17.5.2.0
MinimumVisualStudioVersion = 10.0.40219.1
Project("{FAE04EC0-301F-11D3-BF4B-00C04F79EFBC}") = "QuestAnswerApi", "QuestAnswerApi.csproj", "{84C84851-0FFD-06E0-D7E5-9B5CF209736D}"
EndProject
Global
	GlobalSection(SolutionConfigurationPlatforms) = preSolution
		Debug|Any CPU = Debug|Any CPU
		Release|Any CPU = Release|Any CPU
	EndGlobalSection
	GlobalSection(ProjectConfigurationPlatforms) = postSolution
		{84C84851-0FFD-06E0-D7E5-9B5CF209736D}.Debug|Any CPU.ActiveCfg = Debug|Any CPU
		{84C84851-0FFD-06E0-D7E5-9B5CF209736D}.Debug|Any CPU.Build.0 = Debug|Any CPU
		{84C84851-0FFD-06E0-D7E5-9B5CF209736D}.Release|Any CPU.ActiveCfg = Release|Any CPU
		{84C84851-0FFD-06E0-D7E5-9B5CF209736D}.Release|Any CPU.Build.0 = Release|Any CPU
	EndGlobalSection
	GlobalSection(SolutionProperties) = preSolution
		HideSolutionNode = FALSE
	EndGlobalSection
	GlobalSection(ExtensibilityGlobals) = postSolution
		SolutionGuid = {7C3748DF-3F03-4496-B686-3990464A83BE}
	EndGlobalSection
EndGlobal
